
Microsoft Visual Studio Solution File, Format Version 12.00
# Visual Studio 2012
Project("{8BC9CEB8-8B4A-11D0-8D11-00A0C91BC942}") = "HW03", "HW03\HW03.vcxproj", "{59DFD637-B83F-4D6D-883D-C13B814FA0A2}"
EndProject
Global
	GlobalSection(SolutionConfigurationPlatforms) = preSolution
		Debug|Win32 = Debug|Win32
		Release|Win32 = Release|Win32
	EndGlobalSection
	GlobalSection(ProjectConfigurationPlatforms) = postSolution
		{59DFD637-B83F-4D6D-883D-C13B814FA0A2}.Debug|Win32.ActiveCfg = Debug|Win32
		{59DFD637-B83F-4D6D-883D-C13B814FA0A2}.Debug|Win32.Build.0 = Debug|Win32
		{59DFD637-B83F-4D6D-883D-C13B814FA0A2}.Release|Win32.ActiveCfg = Release|Win32
		{59DFD637-B83F-4D6D-883D-C13B814FA0A2}.Release|Win32.Build.0 = Release|Win32
	EndGlobalSection
	GlobalSection(SolutionProperties) = preSolution
		HideSolutionNode = FALSE
	EndGlobalSection
EndGlobal
